
Microsoft Visual Studio Solution File, Format Version 12.00
# Visual Studio Version 17
VisualStudioVersion = 17.7.34031.279
MinimumVisualStudioVersion = 10.0.40219.1
Project("{2150E333-8FDC-42A3-9474-1A3956D46DE8}") = "Services", "Services", "{4AFD1806-530A-46E6-AF65-92A8A4A6E581}"
EndProject
Project("{2150E333-8FDC-42A3-9474-1A3956D46DE8}") = "LimitX", "LimitX", "{BBE839BF-C259-44BF-9B1B-65A14E0E224A}"
EndProject
Project("{2150E333-8FDC-42A3-9474-1A3956D46DE8}") = "PositionX", "PositionX", "{D1A23336-93D4-4236-89C0-EAEFFBE7AD25}"
EndProject
Project("{2150E333-8FDC-42A3-9474-1A3956D46DE8}") = "OrderRouterX", "OrderRouterX", "{E04AFF60-25B1-4C44-B879-4B9B0DFA29B5}"
EndProject
Project("{2150E333-8FDC-42A3-9474-1A3956D46DE8}") = "OrderEngineX", "OrderEngineX", "{57FA8603-E66C-4463-9739-6CFE4EE1B437}"
EndProject
Project("{2150E333-8FDC-42A3-9474-1A3956D46DE8}") = "ProviderBookX", "ProviderBookX", "{8A4F9C9E-A4BF-41F1-8003-427CCF3DDCEE}"
EndProject
Project("{2150E333-8FDC-42A3-9474-1A3956D46DE8}") = "SettlementTradeX", "SettlementTradeX", "{932D6626-FD45-4DDF-BBFA-A5CD7493A9FC}"
EndProject
Project("{2150E333-8FDC-42A3-9474-1A3956D46DE8}") = "MarketTradeX", "MarketTradeX", "{A1FA9848-D013-4B17-BD46-B5B916FBFB2C}"
EndProject
Project("{2150E333-8FDC-42A3-9474-1A3956D46DE8}") = "BitstampIndexPriceX", "BitstampIndexPriceX", "{6C0D3BF0-42E4-46AE-9EEF-0B26BECA7195}"
EndProject
Project("{2150E333-8FDC-42A3-9474-1A3956D46DE8}") = "InconsistencyX", "InconsistencyX", "{573EAC01-3947-4499-87CC-433D2B10192E}"
EndProject
Project("{2150E333-8FDC-42A3-9474-1A3956D46DE8}") = "AuditX", "AuditX", "{7864E265-25AF-4182-8248-3BACD8865A07}"
EndProject
Project("{2150E333-8FDC-42A3-9474-1A3956D46DE8}") = "docs", "docs", "{84FE8C9B-5E2D-4781-84E1-A80AE19996D6}"
	ProjectSection(SolutionItems) = preProject
		docs\Caas-Trade-Brunao (1).drawio = docs\Caas-Trade-Brunao (1).drawio
		docs\Caas-Trade-Brunao.drawio = docs\Caas-Trade-Brunao.drawio
		ServicePorts.txt = ServicePorts.txt
	EndProjectSection
EndProject
Project("{2150E333-8FDC-42A3-9474-1A3956D46DE8}") = "MatchingX", "MatchingX", "{B49EF215-04DA-4AB7-BA1E-C3CCF766A0E4}"
EndProject
Project("{2150E333-8FDC-42A3-9474-1A3956D46DE8}") = "BffX", "BffX", "{51394BB3-5D52-4FBB-B07B-B1257D7BCF67}"
EndProject
Project("{9A19103F-16F7-4668-BE54-9A1E7A4F7556}") = "MacthingX.Application", "MatchingX\MacthingX.Application\MacthingX.Application.csproj", "{BC849016-935F-4DB7-937F-6BA2FA4DF901}"
EndProject
Project("{9A19103F-16F7-4668-BE54-9A1E7A4F7556}") = "MatchingX.Infra", "MatchingX\MatchingX.Infra\MatchingX.Infra.csproj", "{57F28BAD-4173-4E4F-93D0-0569AB3DF688}"
EndProject
Project("{9A19103F-16F7-4668-BE54-9A1E7A4F7556}") = "AuditX.Consumer", "AutditX\Audit.Consumer\AuditX.Consumer.csproj", "{3CC33AD3-F2B7-4F84-A32D-F2FF63C6972F}"
EndProject
Project("{9A19103F-16F7-4668-BE54-9A1E7A4F7556}") = "AuditX.Application", "AutditX\AuditX.Application\AuditX.Application.csproj", "{3D053931-C75D-41BA-917F-C841A5716CB6}"
EndProject
Project("{9A19103F-16F7-4668-BE54-9A1E7A4F7556}") = "AuditX.Infra", "AutditX\AuditX.Infra\AuditX.Infra.csproj", "{3FDB9ECF-21E1-4F5C-B024-A051F021BB56}"
EndProject
Project("{9A19103F-16F7-4668-BE54-9A1E7A4F7556}") = "BffX.API", "BffX\BffX.API\BffX.API.csproj", "{F61A8A2D-8198-4C24-85AB-74A0ACC0FBBE}"
EndProject
Project("{9A19103F-16F7-4668-BE54-9A1E7A4F7556}") = "Bff.Infra", "BffX\Bff.Infra\Bff.Infra.csproj", "{5A03CADF-E9AF-4B1C-B7E6-E97B1851A414}"
EndProject
Project("{9A19103F-16F7-4668-BE54-9A1E7A4F7556}") = "BitstampPriceX.Consumer", "BitstampX\BitstampPriceX.Consumer\BitstampPriceX.Consumer.csproj", "{244A5567-0AD0-4000-BE6F-1F80D4A43101}"
EndProject
Project("{9A19103F-16F7-4668-BE54-9A1E7A4F7556}") = "BitstampPriceX.Infra", "BitstampX\BitstampPriceX.Infra\BitstampPriceX.Infra.csproj", "{73C12320-7F0C-4410-8A03-C5ED1FD8F05B}"
EndProject
Project("{9A19103F-16F7-4668-BE54-9A1E7A4F7556}") = "InconsistencyX.Consumer", "InconsistencyX\InconsistencyX.Consumer\InconsistencyX.Consumer.csproj", "{68072093-4781-46B4-8297-09E1E26CD7B2}"
EndProject
Project("{9A19103F-16F7-4668-BE54-9A1E7A4F7556}") = "InconsistencyX.Infra", "InconsistencyX\InconsistencyX.Infra\InconsistencyX.Infra.csproj", "{0992AAC5-D955-40B7-9B70-1D5A5BC4173E}"
EndProject
Project("{9A19103F-16F7-4668-BE54-9A1E7A4F7556}") = "LimitX.Consumer", "LimitX\LimitX.Consumer\LimitX.Consumer.csproj", "{0858BE4E-A2DD-4EC7-ABAD-3DFB10CE4679}"
EndProject
Project("{9A19103F-16F7-4668-BE54-9A1E7A4F7556}") = "LimitX.Infra", "LimitX\LimitX.Infra\LimitX.Infra.csproj", "{408ECEC7-E4B4-47D4-8F8A-5A572AEB689B}"
EndProject
Project("{9A19103F-16F7-4668-BE54-9A1E7A4F7556}") = "MarketTradeX.Consumer", "MarketTradeX\MarketTradeX.Consumer\MarketTradeX.Consumer.csproj", "{A9B923F0-1CB6-4596-8A63-0B2C14944773}"
EndProject
Project("{9A19103F-16F7-4668-BE54-9A1E7A4F7556}") = "MarketTradeX.Infra", "MarketTradeX\MarketTradeX.Infra\MarketTradeX.Infra.csproj", "{F96E81BD-95BC-427D-8E80-5C29DE402844}"
EndProject
Project("{9A19103F-16F7-4668-BE54-9A1E7A4F7556}") = "OrderRouterX.API", "OrderRouterX\OrderRouterX.API\OrderRouterX.API.csproj", "{DBE0EC8E-C989-4502-90E3-570291ACA2F9}"
EndProject
Project("{9A19103F-16F7-4668-BE54-9A1E7A4F7556}") = "OrderRouterX.Application", "OrderRouterX\OrderRouterX.Application\OrderRouterX.Application.csproj", "{B0A84284-06A6-47F3-92F3-E8E9420F31CE}"
EndProject
Project("{9A19103F-16F7-4668-BE54-9A1E7A4F7556}") = "OrderRouterX.Infra", "OrderRouterX\OrderRouterX.Infra\OrderRouterX.Infra.csproj", "{A6DFC31D-FDB3-46B9-833B-01B311C384E5}"
EndProject
Project("{9A19103F-16F7-4668-BE54-9A1E7A4F7556}") = "OrderEngineX.Infra", "OrderX\OrderX.Infra\OrderEngineX.Infra.csproj", "{8303DE7A-9C91-4CD6-8C31-A537FDF89D2D}"
EndProject
Project("{9A19103F-16F7-4668-BE54-9A1E7A4F7556}") = "PositionX.Infra", "PositionX\PositionX.Infra\PositionX.Infra.csproj", "{6348CA80-AB76-4EF7-AD4B-07417EF9A533}"
EndProject
Project("{9A19103F-16F7-4668-BE54-9A1E7A4F7556}") = "PositionX.Consumer", "PositionX\PositionX.Consumer\PositionX.Consumer.csproj", "{070E1FC5-362E-4527-80B7-6FAF6EFB7BB3}"
EndProject
Project("{9A19103F-16F7-4668-BE54-9A1E7A4F7556}") = "PositionX.Application", "PositionX\PositionX.Application\PositionX.Application.csproj", "{D9864F70-9930-4616-A862-D311ECAA98AF}"
EndProject
Project("{9A19103F-16F7-4668-BE54-9A1E7A4F7556}") = "ProviderBookX.Infra", "ProviderBookX\ProviderBookX.Infra\ProviderBookX.Infra.csproj", "{4222320A-8F12-4E4E-8F4C-308D7132F864}"
EndProject
Project("{9A19103F-16F7-4668-BE54-9A1E7A4F7556}") = "ProviderBookX.Application", "ProviderBookX\ProviderBookX.Application\ProviderBookX.Application.csproj", "{EE353EAD-D20E-41D5-B533-7321C0593815}"
EndProject
Project("{9A19103F-16F7-4668-BE54-9A1E7A4F7556}") = "ProviderBookX.Consumer", "ProviderBookX\ProviderBookX.Consumer\ProviderBookX.Consumer.csproj", "{12666338-A8EC-4176-BBE5-4D0416FFC03F}"
EndProject
Project("{9A19103F-16F7-4668-BE54-9A1E7A4F7556}") = "SettlementTradeX.Consumer", "SettlementTradeX\SettlementTradeX.Consumer\SettlementTradeX.Consumer.csproj", "{CF32F2AE-3543-4262-945A-092C7FF385F1}"
EndProject
Project("{9A19103F-16F7-4668-BE54-9A1E7A4F7556}") = "SettlementTradeX.Infra", "SettlementTradeX\SettlementTradeX.Infra\SettlementTradeX.Infra.csproj", "{BF130611-8985-4FFF-9C69-D54478A3CB23}"
EndProject
Project("{9A19103F-16F7-4668-BE54-9A1E7A4F7556}") = "SettlementTradeX.Application", "SettlementTradeX\SettlementTradeX.Application\SettlementTradeX.Application.csproj", "{F8ADFA0A-E50D-45BB-964D-2F08C6705E1E}"
EndProject
Project("{2150E333-8FDC-42A3-9474-1A3956D46DE8}") = "SharedX", "SharedX", "{D4A4B122-083A-41F3-B894-242B416509E2}"
EndProject
Project("{9A19103F-16F7-4668-BE54-9A1E7A4F7556}") = "SharedX.Core", "SharedX\SharedX.Models\SharedX.Core.csproj", "{236943A0-37D3-4939-919B-1C334A610617}"
EndProject
Project("{E53339B2-1760-4266-BCC7-CA923CBCF16C}") = "docker-compose", "docker-compose.dcproj", "{9247181F-D7BF-4B0F-9DA7-A83757A790A9}"
EndProject
Project("{9A19103F-16F7-4668-BE54-9A1E7A4F7556}") = "MatchingX.Core", "MatchingX\MatchingX.Core\MatchingX.Core.csproj", "{2D7DC299-284F-4A69-9AED-E73EDAA16FD4}"
EndProject
Project("{2150E333-8FDC-42A3-9474-1A3956D46DE8}") = "Infrastructure", "Infrastructure", "{9B3F8E7E-EA88-4B20-9752-A5DC2A61D7D4}"
EndProject
Project("{9A19103F-16F7-4668-BE54-9A1E7A4F7556}") = "Common.logging", "Infrastructure\Common.logging\Common.logging.csproj", "{394DCC51-F967-4C0B-B50E-6189EC62095B}"
EndProject
Project("{9A19103F-16F7-4668-BE54-9A1E7A4F7556}") = "MatchingX.FixServerApp", "MatchingX\Matching.FixApp\MatchingX.FixServerApp.csproj", "{CE2D453E-4222-4781-A152-3F340F38A66E}"
EndProject
Project("{2150E333-8FDC-42A3-9474-1A3956D46DE8}") = "DropCopyX", "DropCopyX", "{8526774C-772C-447B-A358-4D1D638F4D19}"
EndProject
Project("{2150E333-8FDC-42A3-9474-1A3956D46DE8}") = "MarketDataX", "MarketDataX", "{2170D935-0210-445D-B3F0-4876844BAA2E}"
EndProject
Project("{2150E333-8FDC-42A3-9474-1A3956D46DE8}") = "OrderEntryX", "OrderEntryX", "{675C162A-EC88-4B26-9951-244DBE4CC566}"
EndProject
Project("{9A19103F-16F7-4668-BE54-9A1E7A4F7556}") = "DropCopyX.ServerApp", "DropCopyX\DropCopyX.ZeroMQApp\DropCopyX.ServerApp.csproj", "{13CD5EAA-314E-44EB-B8FF-74E870E868BF}"
EndProject
Project("{9A19103F-16F7-4668-BE54-9A1E7A4F7556}") = "DropCopyX.Application", "DropCopyX\DropCopyX.Application\DropCopyX.Application.csproj", "{3DF2E71B-22AD-403A-BAC4-AFB6B95CDC9D}"
EndProject
Project("{9A19103F-16F7-4668-BE54-9A1E7A4F7556}") = "DropCopyX.Infra", "DropCopyX\DropCopyX.Infra\DropCopyX.Infra.csproj", "{5C671019-7D82-4DE9-A3B3-AFE794A5C793}"
EndProject
Project("{9A19103F-16F7-4668-BE54-9A1E7A4F7556}") = "DropCopyX.Core", "DropCopyX\DropCopyX.Core\DropCopyX.Core.csproj", "{5B474D4F-4A17-4287-86FB-5BBE27C49D24}"
EndProject
Global
	GlobalSection(SolutionConfigurationPlatforms) = preSolution
		Debug|Any CPU = Debug|Any CPU
		Release|Any CPU = Release|Any CPU
	EndGlobalSection
	GlobalSection(ProjectConfigurationPlatforms) = postSolution
		{BC849016-935F-4DB7-937F-6BA2FA4DF901}.Debug|Any CPU.ActiveCfg = Debug|Any CPU
		{BC849016-935F-4DB7-937F-6BA2FA4DF901}.Debug|Any CPU.Build.0 = Debug|Any CPU
		{BC849016-935F-4DB7-937F-6BA2FA4DF901}.Release|Any CPU.ActiveCfg = Release|Any CPU
		{BC849016-935F-4DB7-937F-6BA2FA4DF901}.Release|Any CPU.Build.0 = Release|Any CPU
		{57F28BAD-4173-4E4F-93D0-0569AB3DF688}.Debug|Any CPU.ActiveCfg = Debug|Any CPU
		{57F28BAD-4173-4E4F-93D0-0569AB3DF688}.Debug|Any CPU.Build.0 = Debug|Any CPU
		{57F28BAD-4173-4E4F-93D0-0569AB3DF688}.Release|Any CPU.ActiveCfg = Release|Any CPU
		{57F28BAD-4173-4E4F-93D0-0569AB3DF688}.Release|Any CPU.Build.0 = Release|Any CPU
		{3CC33AD3-F2B7-4F84-A32D-F2FF63C6972F}.Debug|Any CPU.ActiveCfg = Debug|Any CPU
		{3CC33AD3-F2B7-4F84-A32D-F2FF63C6972F}.Debug|Any CPU.Build.0 = Debug|Any CPU
		{3CC33AD3-F2B7-4F84-A32D-F2FF63C6972F}.Release|Any CPU.ActiveCfg = Release|Any CPU
		{3CC33AD3-F2B7-4F84-A32D-F2FF63C6972F}.Release|Any CPU.Build.0 = Release|Any CPU
		{3D053931-C75D-41BA-917F-C841A5716CB6}.Debug|Any CPU.ActiveCfg = Debug|Any CPU
		{3D053931-C75D-41BA-917F-C841A5716CB6}.Debug|Any CPU.Build.0 = Debug|Any CPU
		{3D053931-C75D-41BA-917F-C841A5716CB6}.Release|Any CPU.ActiveCfg = Release|Any CPU
		{3D053931-C75D-41BA-917F-C841A5716CB6}.Release|Any CPU.Build.0 = Release|Any CPU
		{3FDB9ECF-21E1-4F5C-B024-A051F021BB56}.Debug|Any CPU.ActiveCfg = Debug|Any CPU
		{3FDB9ECF-21E1-4F5C-B024-A051F021BB56}.Debug|Any CPU.Build.0 = Debug|Any CPU
		{3FDB9ECF-21E1-4F5C-B024-A051F021BB56}.Release|Any CPU.ActiveCfg = Release|Any CPU
		{3FDB9ECF-21E1-4F5C-B024-A051F021BB56}.Release|Any CPU.Build.0 = Release|Any CPU
		{F61A8A2D-8198-4C24-85AB-74A0ACC0FBBE}.Debug|Any CPU.ActiveCfg = Debug|Any CPU
		{F61A8A2D-8198-4C24-85AB-74A0ACC0FBBE}.Debug|Any CPU.Build.0 = Debug|Any CPU
		{F61A8A2D-8198-4C24-85AB-74A0ACC0FBBE}.Release|Any CPU.ActiveCfg = Release|Any CPU
		{F61A8A2D-8198-4C24-85AB-74A0ACC0FBBE}.Release|Any CPU.Build.0 = Release|Any CPU
		{5A03CADF-E9AF-4B1C-B7E6-E97B1851A414}.Debug|Any CPU.ActiveCfg = Debug|Any CPU
		{5A03CADF-E9AF-4B1C-B7E6-E97B1851A414}.Debug|Any CPU.Build.0 = Debug|Any CPU
		{5A03CADF-E9AF-4B1C-B7E6-E97B1851A414}.Release|Any CPU.ActiveCfg = Release|Any CPU
		{5A03CADF-E9AF-4B1C-B7E6-E97B1851A414}.Release|Any CPU.Build.0 = Release|Any CPU
		{244A5567-0AD0-4000-BE6F-1F80D4A43101}.Debug|Any CPU.ActiveCfg = Debug|Any CPU
		{244A5567-0AD0-4000-BE6F-1F80D4A43101}.Debug|Any CPU.Build.0 = Debug|Any CPU
		{244A5567-0AD0-4000-BE6F-1F80D4A43101}.Release|Any CPU.ActiveCfg = Release|Any CPU
		{244A5567-0AD0-4000-BE6F-1F80D4A43101}.Release|Any CPU.Build.0 = Release|Any CPU
		{73C12320-7F0C-4410-8A03-C5ED1FD8F05B}.Debug|Any CPU.ActiveCfg = Debug|Any CPU
		{73C12320-7F0C-4410-8A03-C5ED1FD8F05B}.Debug|Any CPU.Build.0 = Debug|Any CPU
		{73C12320-7F0C-4410-8A03-C5ED1FD8F05B}.Release|Any CPU.ActiveCfg = Release|Any CPU
		{73C12320-7F0C-4410-8A03-C5ED1FD8F05B}.Release|Any CPU.Build.0 = Release|Any CPU
		{68072093-4781-46B4-8297-09E1E26CD7B2}.Debug|Any CPU.ActiveCfg = Debug|Any CPU
		{68072093-4781-46B4-8297-09E1E26CD7B2}.Debug|Any CPU.Build.0 = Debug|Any CPU
		{68072093-4781-46B4-8297-09E1E26CD7B2}.Release|Any CPU.ActiveCfg = Release|Any CPU
		{68072093-4781-46B4-8297-09E1E26CD7B2}.Release|Any CPU.Build.0 = Release|Any CPU
		{0992AAC5-D955-40B7-9B70-1D5A5BC4173E}.Debug|Any CPU.ActiveCfg = Debug|Any CPU
		{0992AAC5-D955-40B7-9B70-1D5A5BC4173E}.Debug|Any CPU.Build.0 = Debug|Any CPU
		{0992AAC5-D955-40B7-9B70-1D5A5BC4173E}.Release|Any CPU.ActiveCfg = Release|Any CPU
		{0992AAC5-D955-40B7-9B70-1D5A5BC4173E}.Release|Any CPU.Build.0 = Release|Any CPU
		{0858BE4E-A2DD-4EC7-ABAD-3DFB10CE4679}.Debug|Any CPU.ActiveCfg = Debug|Any CPU
		{0858BE4E-A2DD-4EC7-ABAD-3DFB10CE4679}.Debug|Any CPU.Build.0 = Debug|Any CPU
		{0858BE4E-A2DD-4EC7-ABAD-3DFB10CE4679}.Release|Any CPU.ActiveCfg = Release|Any CPU
		{0858BE4E-A2DD-4EC7-ABAD-3DFB10CE4679}.Release|Any CPU.Build.0 = Release|Any CPU
		{408ECEC7-E4B4-47D4-8F8A-5A572AEB689B}.Debug|Any CPU.ActiveCfg = Debug|Any CPU
		{408ECEC7-E4B4-47D4-8F8A-5A572AEB689B}.Debug|Any CPU.Build.0 = Debug|Any CPU
		{408ECEC7-E4B4-47D4-8F8A-5A572AEB689B}.Release|Any CPU.ActiveCfg = Release|Any CPU
		{408ECEC7-E4B4-47D4-8F8A-5A572AEB689B}.Release|Any CPU.Build.0 = Release|Any CPU
		{A9B923F0-1CB6-4596-8A63-0B2C14944773}.Debug|Any CPU.ActiveCfg = Debug|Any CPU
		{A9B923F0-1CB6-4596-8A63-0B2C14944773}.Debug|Any CPU.Build.0 = Debug|Any CPU
		{A9B923F0-1CB6-4596-8A63-0B2C14944773}.Release|Any CPU.ActiveCfg = Release|Any CPU
		{A9B923F0-1CB6-4596-8A63-0B2C14944773}.Release|Any CPU.Build.0 = Release|Any CPU
		{F96E81BD-95BC-427D-8E80-5C29DE402844}.Debug|Any CPU.ActiveCfg = Debug|Any CPU
		{F96E81BD-95BC-427D-8E80-5C29DE402844}.Debug|Any CPU.Build.0 = Debug|Any CPU
		{F96E81BD-95BC-427D-8E80-5C29DE402844}.Release|Any CPU.ActiveCfg = Release|Any CPU
		{F96E81BD-95BC-427D-8E80-5C29DE402844}.Release|Any CPU.Build.0 = Release|Any CPU
		{DBE0EC8E-C989-4502-90E3-570291ACA2F9}.Debug|Any CPU.ActiveCfg = Debug|Any CPU
		{DBE0EC8E-C989-4502-90E3-570291ACA2F9}.Debug|Any CPU.Build.0 = Debug|Any CPU
		{DBE0EC8E-C989-4502-90E3-570291ACA2F9}.Release|Any CPU.ActiveCfg = Release|Any CPU
		{DBE0EC8E-C989-4502-90E3-570291ACA2F9}.Release|Any CPU.Build.0 = Release|Any CPU
		{B0A84284-06A6-47F3-92F3-E8E9420F31CE}.Debug|Any CPU.ActiveCfg = Debug|Any CPU
		{B0A84284-06A6-47F3-92F3-E8E9420F31CE}.Debug|Any CPU.Build.0 = Debug|Any CPU
		{B0A84284-06A6-47F3-92F3-E8E9420F31CE}.Release|Any CPU.ActiveCfg = Release|Any CPU
		{B0A84284-06A6-47F3-92F3-E8E9420F31CE}.Release|Any CPU.Build.0 = Release|Any CPU
		{A6DFC31D-FDB3-46B9-833B-01B311C384E5}.Debug|Any CPU.ActiveCfg = Debug|Any CPU
		{A6DFC31D-FDB3-46B9-833B-01B311C384E5}.Debug|Any CPU.Build.0 = Debug|Any CPU
		{A6DFC31D-FDB3-46B9-833B-01B311C384E5}.Release|Any CPU.ActiveCfg = Release|Any CPU
		{A6DFC31D-FDB3-46B9-833B-01B311C384E5}.Release|Any CPU.Build.0 = Release|Any CPU
		{8303DE7A-9C91-4CD6-8C31-A537FDF89D2D}.Debug|Any CPU.ActiveCfg = Debug|Any CPU
		{8303DE7A-9C91-4CD6-8C31-A537FDF89D2D}.Debug|Any CPU.Build.0 = Debug|Any CPU
		{8303DE7A-9C91-4CD6-8C31-A537FDF89D2D}.Release|Any CPU.ActiveCfg = Release|Any CPU
		{8303DE7A-9C91-4CD6-8C31-A537FDF89D2D}.Release|Any CPU.Build.0 = Release|Any CPU
		{6348CA80-AB76-4EF7-AD4B-07417EF9A533}.Debug|Any CPU.ActiveCfg = Debug|Any CPU
		{6348CA80-AB76-4EF7-AD4B-07417EF9A533}.Debug|Any CPU.Build.0 = Debug|Any CPU
		{6348CA80-AB76-4EF7-AD4B-07417EF9A533}.Release|Any CPU.ActiveCfg = Release|Any CPU
		{6348CA80-AB76-4EF7-AD4B-07417EF9A533}.Release|Any CPU.Build.0 = Release|Any CPU
		{070E1FC5-362E-4527-80B7-6FAF6EFB7BB3}.Debug|Any CPU.ActiveCfg = Debug|Any CPU
		{070E1FC5-362E-4527-80B7-6FAF6EFB7BB3}.Debug|Any CPU.Build.0 = Debug|Any CPU
		{070E1FC5-362E-4527-80B7-6FAF6EFB7BB3}.Release|Any CPU.ActiveCfg = Release|Any CPU
		{070E1FC5-362E-4527-80B7-6FAF6EFB7BB3}.Release|Any CPU.Build.0 = Release|Any CPU
		{D9864F70-9930-4616-A862-D311ECAA98AF}.Debug|Any CPU.ActiveCfg = Debug|Any CPU
		{D9864F70-9930-4616-A862-D311ECAA98AF}.Debug|Any CPU.Build.0 = Debug|Any CPU
		{D9864F70-9930-4616-A862-D311ECAA98AF}.Release|Any CPU.ActiveCfg = Release|Any CPU
		{D9864F70-9930-4616-A862-D311ECAA98AF}.Release|Any CPU.Build.0 = Release|Any CPU
		{4222320A-8F12-4E4E-8F4C-308D7132F864}.Debug|Any CPU.ActiveCfg = Debug|Any CPU
		{4222320A-8F12-4E4E-8F4C-308D7132F864}.Debug|Any CPU.Build.0 = Debug|Any CPU
		{4222320A-8F12-4E4E-8F4C-308D7132F864}.Release|Any CPU.ActiveCfg = Release|Any CPU
		{4222320A-8F12-4E4E-8F4C-308D7132F864}.Release|Any CPU.Build.0 = Release|Any CPU
		{EE353EAD-D20E-41D5-B533-7321C0593815}.Debug|Any CPU.ActiveCfg = Debug|Any CPU
		{EE353EAD-D20E-41D5-B533-7321C0593815}.Debug|Any CPU.Build.0 = Debug|Any CPU
		{EE353EAD-D20E-41D5-B533-7321C0593815}.Release|Any CPU.ActiveCfg = Release|Any CPU
		{EE353EAD-D20E-41D5-B533-7321C0593815}.Release|Any CPU.Build.0 = Release|Any CPU
		{12666338-A8EC-4176-BBE5-4D0416FFC03F}.Debug|Any CPU.ActiveCfg = Debug|Any CPU
		{12666338-A8EC-4176-BBE5-4D0416FFC03F}.Debug|Any CPU.Build.0 = Debug|Any CPU
		{12666338-A8EC-4176-BBE5-4D0416FFC03F}.Release|Any CPU.ActiveCfg = Release|Any CPU
		{12666338-A8EC-4176-BBE5-4D0416FFC03F}.Release|Any CPU.Build.0 = Release|Any CPU
		{CF32F2AE-3543-4262-945A-092C7FF385F1}.Debug|Any CPU.ActiveCfg = Debug|Any CPU
		{CF32F2AE-3543-4262-945A-092C7FF385F1}.Debug|Any CPU.Build.0 = Debug|Any CPU
		{CF32F2AE-3543-4262-945A-092C7FF385F1}.Release|Any CPU.ActiveCfg = Release|Any CPU
		{CF32F2AE-3543-4262-945A-092C7FF385F1}.Release|Any CPU.Build.0 = Release|Any CPU
		{BF130611-8985-4FFF-9C69-D54478A3CB23}.Debug|Any CPU.ActiveCfg = Debug|Any CPU
		{BF130611-8985-4FFF-9C69-D54478A3CB23}.Debug|Any CPU.Build.0 = Debug|Any CPU
		{BF130611-8985-4FFF-9C69-D54478A3CB23}.Release|Any CPU.ActiveCfg = Release|Any CPU
		{BF130611-8985-4FFF-9C69-D54478A3CB23}.Release|Any CPU.Build.0 = Release|Any CPU
		{F8ADFA0A-E50D-45BB-964D-2F08C6705E1E}.Debug|Any CPU.ActiveCfg = Debug|Any CPU
		{F8ADFA0A-E50D-45BB-964D-2F08C6705E1E}.Debug|Any CPU.Build.0 = Debug|Any CPU
		{F8ADFA0A-E50D-45BB-964D-2F08C6705E1E}.Release|Any CPU.ActiveCfg = Release|Any CPU
		{F8ADFA0A-E50D-45BB-964D-2F08C6705E1E}.Release|Any CPU.Build.0 = Release|Any CPU
		{236943A0-37D3-4939-919B-1C334A610617}.Debug|Any CPU.ActiveCfg = Debug|Any CPU
		{236943A0-37D3-4939-919B-1C334A610617}.Debug|Any CPU.Build.0 = Debug|Any CPU
		{236943A0-37D3-4939-919B-1C334A610617}.Release|Any CPU.ActiveCfg = Release|Any CPU
		{236943A0-37D3-4939-919B-1C334A610617}.Release|Any CPU.Build.0 = Release|Any CPU
		{9247181F-D7BF-4B0F-9DA7-A83757A790A9}.Debug|Any CPU.ActiveCfg = Debug|Any CPU
		{9247181F-D7BF-4B0F-9DA7-A83757A790A9}.Debug|Any CPU.Build.0 = Debug|Any CPU
		{9247181F-D7BF-4B0F-9DA7-A83757A790A9}.Release|Any CPU.ActiveCfg = Release|Any CPU
		{9247181F-D7BF-4B0F-9DA7-A83757A790A9}.Release|Any CPU.Build.0 = Release|Any CPU
		{2D7DC299-284F-4A69-9AED-E73EDAA16FD4}.Debug|Any CPU.ActiveCfg = Debug|Any CPU
		{2D7DC299-284F-4A69-9AED-E73EDAA16FD4}.Debug|Any CPU.Build.0 = Debug|Any CPU
		{2D7DC299-284F-4A69-9AED-E73EDAA16FD4}.Release|Any CPU.ActiveCfg = Release|Any CPU
		{2D7DC299-284F-4A69-9AED-E73EDAA16FD4}.Release|Any CPU.Build.0 = Release|Any CPU
		{394DCC51-F967-4C0B-B50E-6189EC62095B}.Debug|Any CPU.ActiveCfg = Debug|Any CPU
		{394DCC51-F967-4C0B-B50E-6189EC62095B}.Debug|Any CPU.Build.0 = Debug|Any CPU
		{394DCC51-F967-4C0B-B50E-6189EC62095B}.Release|Any CPU.ActiveCfg = Release|Any CPU
		{394DCC51-F967-4C0B-B50E-6189EC62095B}.Release|Any CPU.Build.0 = Release|Any CPU
		{CE2D453E-4222-4781-A152-3F340F38A66E}.Debug|Any CPU.ActiveCfg = Debug|Any CPU
		{CE2D453E-4222-4781-A152-3F340F38A66E}.Debug|Any CPU.Build.0 = Debug|Any CPU
		{CE2D453E-4222-4781-A152-3F340F38A66E}.Release|Any CPU.ActiveCfg = Release|Any CPU
		{CE2D453E-4222-4781-A152-3F340F38A66E}.Release|Any CPU.Build.0 = Release|Any CPU
		{13CD5EAA-314E-44EB-B8FF-74E870E868BF}.Debug|Any CPU.ActiveCfg = Debug|Any CPU
		{13CD5EAA-314E-44EB-B8FF-74E870E868BF}.Debug|Any CPU.Build.0 = Debug|Any CPU
		{13CD5EAA-314E-44EB-B8FF-74E870E868BF}.Release|Any CPU.ActiveCfg = Release|Any CPU
		{13CD5EAA-314E-44EB-B8FF-74E870E868BF}.Release|Any CPU.Build.0 = Release|Any CPU
		{3DF2E71B-22AD-403A-BAC4-AFB6B95CDC9D}.Debug|Any CPU.ActiveCfg = Debug|Any CPU
		{3DF2E71B-22AD-403A-BAC4-AFB6B95CDC9D}.Debug|Any CPU.Build.0 = Debug|Any CPU
		{3DF2E71B-22AD-403A-BAC4-AFB6B95CDC9D}.Release|Any CPU.ActiveCfg = Release|Any CPU
		{3DF2E71B-22AD-403A-BAC4-AFB6B95CDC9D}.Release|Any CPU.Build.0 = Release|Any CPU
		{5C671019-7D82-4DE9-A3B3-AFE794A5C793}.Debug|Any CPU.ActiveCfg = Debug|Any CPU
		{5C671019-7D82-4DE9-A3B3-AFE794A5C793}.Debug|Any CPU.Build.0 = Debug|Any CPU
		{5C671019-7D82-4DE9-A3B3-AFE794A5C793}.Release|Any CPU.ActiveCfg = Release|Any CPU
		{5C671019-7D82-4DE9-A3B3-AFE794A5C793}.Release|Any CPU.Build.0 = Release|Any CPU
		{5B474D4F-4A17-4287-86FB-5BBE27C49D24}.Debug|Any CPU.ActiveCfg = Debug|Any CPU
		{5B474D4F-4A17-4287-86FB-5BBE27C49D24}.Debug|Any CPU.Build.0 = Debug|Any CPU
		{5B474D4F-4A17-4287-86FB-5BBE27C49D24}.Release|Any CPU.ActiveCfg = Release|Any CPU
		{5B474D4F-4A17-4287-86FB-5BBE27C49D24}.Release|Any CPU.Build.0 = Release|Any CPU
	EndGlobalSection
	GlobalSection(SolutionProperties) = preSolution
		HideSolutionNode = FALSE
	EndGlobalSection
	GlobalSection(NestedProjects) = preSolution
		{BBE839BF-C259-44BF-9B1B-65A14E0E224A} = {4AFD1806-530A-46E6-AF65-92A8A4A6E581}
		{D1A23336-93D4-4236-89C0-EAEFFBE7AD25} = {4AFD1806-530A-46E6-AF65-92A8A4A6E581}
		{E04AFF60-25B1-4C44-B879-4B9B0DFA29B5} = {4AFD1806-530A-46E6-AF65-92A8A4A6E581}
		{57FA8603-E66C-4463-9739-6CFE4EE1B437} = {4AFD1806-530A-46E6-AF65-92A8A4A6E581}
		{8A4F9C9E-A4BF-41F1-8003-427CCF3DDCEE} = {4AFD1806-530A-46E6-AF65-92A8A4A6E581}
		{932D6626-FD45-4DDF-BBFA-A5CD7493A9FC} = {4AFD1806-530A-46E6-AF65-92A8A4A6E581}
		{A1FA9848-D013-4B17-BD46-B5B916FBFB2C} = {4AFD1806-530A-46E6-AF65-92A8A4A6E581}
		{6C0D3BF0-42E4-46AE-9EEF-0B26BECA7195} = {4AFD1806-530A-46E6-AF65-92A8A4A6E581}
		{573EAC01-3947-4499-87CC-433D2B10192E} = {4AFD1806-530A-46E6-AF65-92A8A4A6E581}
		{7864E265-25AF-4182-8248-3BACD8865A07} = {4AFD1806-530A-46E6-AF65-92A8A4A6E581}
		{B49EF215-04DA-4AB7-BA1E-C3CCF766A0E4} = {4AFD1806-530A-46E6-AF65-92A8A4A6E581}
		{51394BB3-5D52-4FBB-B07B-B1257D7BCF67} = {4AFD1806-530A-46E6-AF65-92A8A4A6E581}
		{BC849016-935F-4DB7-937F-6BA2FA4DF901} = {B49EF215-04DA-4AB7-BA1E-C3CCF766A0E4}
		{57F28BAD-4173-4E4F-93D0-0569AB3DF688} = {B49EF215-04DA-4AB7-BA1E-C3CCF766A0E4}
		{3CC33AD3-F2B7-4F84-A32D-F2FF63C6972F} = {7864E265-25AF-4182-8248-3BACD8865A07}
		{3D053931-C75D-41BA-917F-C841A5716CB6} = {7864E265-25AF-4182-8248-3BACD8865A07}
		{3FDB9ECF-21E1-4F5C-B024-A051F021BB56} = {7864E265-25AF-4182-8248-3BACD8865A07}
		{F61A8A2D-8198-4C24-85AB-74A0ACC0FBBE} = {51394BB3-5D52-4FBB-B07B-B1257D7BCF67}
		{5A03CADF-E9AF-4B1C-B7E6-E97B1851A414} = {51394BB3-5D52-4FBB-B07B-B1257D7BCF67}
		{244A5567-0AD0-4000-BE6F-1F80D4A43101} = {6C0D3BF0-42E4-46AE-9EEF-0B26BECA7195}
		{73C12320-7F0C-4410-8A03-C5ED1FD8F05B} = {6C0D3BF0-42E4-46AE-9EEF-0B26BECA7195}
		{68072093-4781-46B4-8297-09E1E26CD7B2} = {573EAC01-3947-4499-87CC-433D2B10192E}
		{0992AAC5-D955-40B7-9B70-1D5A5BC4173E} = {573EAC01-3947-4499-87CC-433D2B10192E}
		{0858BE4E-A2DD-4EC7-ABAD-3DFB10CE4679} = {BBE839BF-C259-44BF-9B1B-65A14E0E224A}
		{408ECEC7-E4B4-47D4-8F8A-5A572AEB689B} = {BBE839BF-C259-44BF-9B1B-65A14E0E224A}
		{A9B923F0-1CB6-4596-8A63-0B2C14944773} = {A1FA9848-D013-4B17-BD46-B5B916FBFB2C}
		{F96E81BD-95BC-427D-8E80-5C29DE402844} = {A1FA9848-D013-4B17-BD46-B5B916FBFB2C}
		{DBE0EC8E-C989-4502-90E3-570291ACA2F9} = {E04AFF60-25B1-4C44-B879-4B9B0DFA29B5}
		{B0A84284-06A6-47F3-92F3-E8E9420F31CE} = {E04AFF60-25B1-4C44-B879-4B9B0DFA29B5}
		{A6DFC31D-FDB3-46B9-833B-01B311C384E5} = {E04AFF60-25B1-4C44-B879-4B9B0DFA29B5}
		{8303DE7A-9C91-4CD6-8C31-A537FDF89D2D} = {57FA8603-E66C-4463-9739-6CFE4EE1B437}
		{6348CA80-AB76-4EF7-AD4B-07417EF9A533} = {D1A23336-93D4-4236-89C0-EAEFFBE7AD25}
		{070E1FC5-362E-4527-80B7-6FAF6EFB7BB3} = {D1A23336-93D4-4236-89C0-EAEFFBE7AD25}
		{D9864F70-9930-4616-A862-D311ECAA98AF} = {D1A23336-93D4-4236-89C0-EAEFFBE7AD25}
		{4222320A-8F12-4E4E-8F4C-308D7132F864} = {8A4F9C9E-A4BF-41F1-8003-427CCF3DDCEE}
		{EE353EAD-D20E-41D5-B533-7321C0593815} = {8A4F9C9E-A4BF-41F1-8003-427CCF3DDCEE}
		{12666338-A8EC-4176-BBE5-4D0416FFC03F} = {8A4F9C9E-A4BF-41F1-8003-427CCF3DDCEE}
		{CF32F2AE-3543-4262-945A-092C7FF385F1} = {932D6626-FD45-4DDF-BBFA-A5CD7493A9FC}
		{BF130611-8985-4FFF-9C69-D54478A3CB23} = {932D6626-FD45-4DDF-BBFA-A5CD7493A9FC}
		{F8ADFA0A-E50D-45BB-964D-2F08C6705E1E} = {932D6626-FD45-4DDF-BBFA-A5CD7493A9FC}
		{D4A4B122-083A-41F3-B894-242B416509E2} = {4AFD1806-530A-46E6-AF65-92A8A4A6E581}
		{236943A0-37D3-4939-919B-1C334A610617} = {D4A4B122-083A-41F3-B894-242B416509E2}
		{2D7DC299-284F-4A69-9AED-E73EDAA16FD4} = {B49EF215-04DA-4AB7-BA1E-C3CCF766A0E4}
		{394DCC51-F967-4C0B-B50E-6189EC62095B} = {9B3F8E7E-EA88-4B20-9752-A5DC2A61D7D4}
		{CE2D453E-4222-4781-A152-3F340F38A66E} = {B49EF215-04DA-4AB7-BA1E-C3CCF766A0E4}
		{8526774C-772C-447B-A358-4D1D638F4D19} = {4AFD1806-530A-46E6-AF65-92A8A4A6E581}
		{2170D935-0210-445D-B3F0-4876844BAA2E} = {4AFD1806-530A-46E6-AF65-92A8A4A6E581}
		{675C162A-EC88-4B26-9951-244DBE4CC566} = {4AFD1806-530A-46E6-AF65-92A8A4A6E581}
		{13CD5EAA-314E-44EB-B8FF-74E870E868BF} = {8526774C-772C-447B-A358-4D1D638F4D19}
		{3DF2E71B-22AD-403A-BAC4-AFB6B95CDC9D} = {8526774C-772C-447B-A358-4D1D638F4D19}
		{5C671019-7D82-4DE9-A3B3-AFE794A5C793} = {8526774C-772C-447B-A358-4D1D638F4D19}
		{5B474D4F-4A17-4287-86FB-5BBE27C49D24} = {8526774C-772C-447B-A358-4D1D638F4D19}
	EndGlobalSection
	GlobalSection(ExtensibilityGlobals) = postSolution
		SolutionGuid = {8A7B5B6E-83FE-4591-A58F-528F40DBD09C}
	EndGlobalSection
EndGlobal
