
Microsoft Visual Studio Solution File, Format Version 12.00
# Visual Studio Version 17
VisualStudioVersion = 17.7.34031.279
MinimumVisualStudioVersion = 10.0.40219.1
Project("{2150E333-8FDC-42A3-9474-1A3956D46DE8}") = "Services", "Services", "{4AFD1806-530A-46E6-AF65-92A8A4A6E581}"
EndProject
Project("{2150E333-8FDC-42A3-9474-1A3956D46DE8}") = "OrderEngineX", "OrderEngineX", "{57FA8603-E66C-4463-9739-6CFE4EE1B437}"
EndProject
Project("{2150E333-8FDC-42A3-9474-1A3956D46DE8}") = "ProviderBookX", "ProviderBookX", "{8A4F9C9E-A4BF-41F1-8003-427CCF3DDCEE}"
EndProject
Project("{2150E333-8FDC-42A3-9474-1A3956D46DE8}") = "SettlementTradeX", "SettlementTradeX", "{932D6626-FD45-4DDF-BBFA-A5CD7493A9FC}"
EndProject
Project("{2150E333-8FDC-42A3-9474-1A3956D46DE8}") = "MarketTradeX", "MarketTradeX", "{A1FA9848-D013-4B17-BD46-B5B916FBFB2C}"
EndProject
Project("{2150E333-8FDC-42A3-9474-1A3956D46DE8}") = "BitstampIndexPriceX", "BitstampIndexPriceX", "{6C0D3BF0-42E4-46AE-9EEF-0B26BECA7195}"
EndProject
Project("{2150E333-8FDC-42A3-9474-1A3956D46DE8}") = "docs", "docs", "{84FE8C9B-5E2D-4781-84E1-A80AE19996D6}"
	ProjectSection(SolutionItems) = preProject
		docs\Caas-Trade-Brunao (1).drawio = docs\Caas-Trade-Brunao (1).drawio
		docs\Caas-Trade-Brunao.drawio = docs\Caas-Trade-Brunao.drawio
		ServicePorts.txt = ServicePorts.txt
	EndProjectSection
EndProject
Project("{2150E333-8FDC-42A3-9474-1A3956D46DE8}") = "MatchingX", "MatchingX", "{B49EF215-04DA-4AB7-BA1E-C3CCF766A0E4}"
EndProject
Project("{9A19103F-16F7-4668-BE54-9A1E7A4F7556}") = "MacthingX.Application", "MatchingX\MacthingX.Application\MacthingX.Application.csproj", "{BC849016-935F-4DB7-937F-6BA2FA4DF901}"
EndProject
Project("{9A19103F-16F7-4668-BE54-9A1E7A4F7556}") = "MatchingX.Infra", "MatchingX\MatchingX.Infra\MatchingX.Infra.csproj", "{57F28BAD-4173-4E4F-93D0-0569AB3DF688}"
EndProject
Project("{9A19103F-16F7-4668-BE54-9A1E7A4F7556}") = "BitstampPriceX.Consumer", "BitstampX\BitstampPriceX.Consumer\BitstampPriceX.Consumer.csproj", "{244A5567-0AD0-4000-BE6F-1F80D4A43101}"
EndProject
Project("{9A19103F-16F7-4668-BE54-9A1E7A4F7556}") = "BitstampPriceX.Infra", "BitstampX\BitstampPriceX.Infra\BitstampPriceX.Infra.csproj", "{73C12320-7F0C-4410-8A03-C5ED1FD8F05B}"
EndProject
Project("{9A19103F-16F7-4668-BE54-9A1E7A4F7556}") = "MarketTradeX.Consumer", "MarketTradeX\MarketTradeX.Consumer\MarketTradeX.Consumer.csproj", "{A9B923F0-1CB6-4596-8A63-0B2C14944773}"
EndProject
Project("{9A19103F-16F7-4668-BE54-9A1E7A4F7556}") = "MarketTradeX.Infra", "MarketTradeX\MarketTradeX.Infra\MarketTradeX.Infra.csproj", "{F96E81BD-95BC-427D-8E80-5C29DE402844}"
EndProject
Project("{9A19103F-16F7-4668-BE54-9A1E7A4F7556}") = "OrderEngineX.Infra", "OrderX\OrderX.Infra\OrderEngineX.Infra.csproj", "{8303DE7A-9C91-4CD6-8C31-A537FDF89D2D}"
EndProject
Project("{9A19103F-16F7-4668-BE54-9A1E7A4F7556}") = "ProviderBookX.Infra", "ProviderBookX\ProviderBookX.Infra\ProviderBookX.Infra.csproj", "{4222320A-8F12-4E4E-8F4C-308D7132F864}"
EndProject
Project("{9A19103F-16F7-4668-BE54-9A1E7A4F7556}") = "ProviderBookX.Application", "ProviderBookX\ProviderBookX.Application\ProviderBookX.Application.csproj", "{EE353EAD-D20E-41D5-B533-7321C0593815}"
EndProject
Project("{9A19103F-16F7-4668-BE54-9A1E7A4F7556}") = "ProviderBookX.Consumer", "ProviderBookX\ProviderBookX.Consumer\ProviderBookX.Consumer.csproj", "{12666338-A8EC-4176-BBE5-4D0416FFC03F}"
EndProject
Project("{9A19103F-16F7-4668-BE54-9A1E7A4F7556}") = "SettlementTradeX.Consumer", "SettlementTradeX\SettlementTradeX.Consumer\SettlementTradeX.Consumer.csproj", "{CF32F2AE-3543-4262-945A-092C7FF385F1}"
EndProject
Project("{9A19103F-16F7-4668-BE54-9A1E7A4F7556}") = "SettlementTradeX.Infra", "SettlementTradeX\SettlementTradeX.Infra\SettlementTradeX.Infra.csproj", "{BF130611-8985-4FFF-9C69-D54478A3CB23}"
EndProject
Project("{9A19103F-16F7-4668-BE54-9A1E7A4F7556}") = "SettlementTradeX.Application", "SettlementTradeX\SettlementTradeX.Application\SettlementTradeX.Application.csproj", "{F8ADFA0A-E50D-45BB-964D-2F08C6705E1E}"
EndProject
Project("{2150E333-8FDC-42A3-9474-1A3956D46DE8}") = "SharedX", "SharedX", "{D4A4B122-083A-41F3-B894-242B416509E2}"
EndProject
Project("{9A19103F-16F7-4668-BE54-9A1E7A4F7556}") = "SharedX.Core", "SharedX\SharedX.Models\SharedX.Core.csproj", "{236943A0-37D3-4939-919B-1C334A610617}"
EndProject
Project("{E53339B2-1760-4266-BCC7-CA923CBCF16C}") = "docker-compose", "docker-compose.dcproj", "{9247181F-D7BF-4B0F-9DA7-A83757A790A9}"
EndProject
Project("{9A19103F-16F7-4668-BE54-9A1E7A4F7556}") = "MatchingX.Core", "MatchingX\MatchingX.Core\MatchingX.Core.csproj", "{2D7DC299-284F-4A69-9AED-E73EDAA16FD4}"
EndProject
Project("{2150E333-8FDC-42A3-9474-1A3956D46DE8}") = "Infrastructure", "Infrastructure", "{9B3F8E7E-EA88-4B20-9752-A5DC2A61D7D4}"
EndProject
Project("{9A19103F-16F7-4668-BE54-9A1E7A4F7556}") = "Common.logging", "Infrastructure\Common.logging\Common.logging.csproj", "{394DCC51-F967-4C0B-B50E-6189EC62095B}"
EndProject
Project("{9A19103F-16F7-4668-BE54-9A1E7A4F7556}") = "MatchingX.ServerApp", "MatchingX\MatchingX.ServerApp\MatchingX.ServerApp.csproj", "{CE2D453E-4222-4781-A152-3F340F38A66E}"
EndProject
Project("{2150E333-8FDC-42A3-9474-1A3956D46DE8}") = "DropCopyX", "DropCopyX", "{8526774C-772C-447B-A358-4D1D638F4D19}"
EndProject
Project("{2150E333-8FDC-42A3-9474-1A3956D46DE8}") = "MarketDataX", "MarketDataX", "{2170D935-0210-445D-B3F0-4876844BAA2E}"
EndProject
Project("{2150E333-8FDC-42A3-9474-1A3956D46DE8}") = "OrderEntryX", "OrderEntryX", "{675C162A-EC88-4B26-9951-244DBE4CC566}"
EndProject
Project("{9A19103F-16F7-4668-BE54-9A1E7A4F7556}") = "DropCopyX.ServerApp", "DropCopyX\DropCopyX.ZeroMQApp\DropCopyX.ServerApp.csproj", "{13CD5EAA-314E-44EB-B8FF-74E870E868BF}"
EndProject
Project("{9A19103F-16F7-4668-BE54-9A1E7A4F7556}") = "DropCopyX.Application", "DropCopyX\DropCopyX.Application\DropCopyX.Application.csproj", "{3DF2E71B-22AD-403A-BAC4-AFB6B95CDC9D}"
EndProject
Project("{9A19103F-16F7-4668-BE54-9A1E7A4F7556}") = "DropCopyX.Infra", "DropCopyX\DropCopyX.Infra\DropCopyX.Infra.csproj", "{5C671019-7D82-4DE9-A3B3-AFE794A5C793}"
EndProject
Project("{9A19103F-16F7-4668-BE54-9A1E7A4F7556}") = "DropCopyX.Core", "DropCopyX\DropCopyX.Core\DropCopyX.Core.csproj", "{5B474D4F-4A17-4287-86FB-5BBE27C49D24}"
EndProject
Project("{9A19103F-16F7-4668-BE54-9A1E7A4F7556}") = "MarketDataX.Core", "MarketDataX\MarketDataX.Core\MarketDataX.Core.csproj", "{6F410D5B-B552-4211-AD72-F1B952ECCED9}"
EndProject
Project("{9A19103F-16F7-4668-BE54-9A1E7A4F7556}") = "MarketDataX.Application", "MarketDataX\MarketDataX.Application\MarketDataX.Application.csproj", "{3ADDCDBF-C76C-4BB4-B371-39404E4F1C9B}"
EndProject
Project("{9A19103F-16F7-4668-BE54-9A1E7A4F7556}") = "MarketDataX.Infra", "MarketDataX\MarketDataX.Infra\MarketDataX.Infra.csproj", "{ABC08AE4-1428-4C64-83B0-715CF5E60BDF}"
EndProject
Project("{9A19103F-16F7-4668-BE54-9A1E7A4F7556}") = "MarketDataX.ServerApp", "MarketDataX\MarketDataX.ZeroMQApp\MarketDataX.ServerApp.csproj", "{268708BD-C0B8-44FA-8C8B-45EA5D0D51DD}"
EndProject
Project("{9A19103F-16F7-4668-BE54-9A1E7A4F7556}") = "OrderEntryX.Application", "OrderEntryX\OrderEntryX.Application\OrderEntryX.Application.csproj", "{AF9BE659-5D88-449D-8EF7-EE8A9010FA1E}"
EndProject
Project("{9A19103F-16F7-4668-BE54-9A1E7A4F7556}") = "OrderEntryX.Core", "OrderEntryX\OrderEntryX.Core\OrderEntryX.Core.csproj", "{0520D28B-4041-4BC0-AD13-3F2ADB0DE78E}"
EndProject
Project("{9A19103F-16F7-4668-BE54-9A1E7A4F7556}") = "OrderEntryX.Infra", "OrderEntryX\OrderEntryX.Infra\OrderEntryX.Infra.csproj", "{7CE01506-9BB4-47A7-B0E2-7FC6954D0747}"
EndProject
Project("{9A19103F-16F7-4668-BE54-9A1E7A4F7556}") = "OrderEntryX.ServerApp", "OrderEntryX\OrderEntryX.ZeroMQApp\OrderEntryX.ServerApp.csproj", "{098DCC6E-6896-46C5-ACC7-8220B34B4E54}"
EndProject
Project("{9A19103F-16F7-4668-BE54-9A1E7A4F7556}") = "OrderX.API", "OrderX\OrderX.API\OrderX.API.csproj", "{F2084172-8818-4AE9-923B-1C4B24A7BD9B}"
EndProject
Project("{9A19103F-16F7-4668-BE54-9A1E7A4F7556}") = "OrderEngineX.Core", "OrderX\OrderEngineX.Core\OrderEngineX.Core.csproj", "{E93CDCF1-D2FA-4C11-93AC-DD91E8E21125}"
EndProject
Project("{FAE04EC0-301F-11D3-BF4B-00C04F79EFBC}") = "OrderEngineX.Application", "OrderX\OrderEngineX.Application\OrderEngineX.Application.csproj", "{D4EFFFA2-9953-4930-9186-C20568F59923}"
EndProject
Project("{FAE04EC0-301F-11D3-BF4B-00C04F79EFBC}") = "Sharex.Infra", "SharedX\Sharex.Infra\Sharex.Infra.csproj", "{5F5862A9-99CC-4D73-B686-9FA57B840E43}"
EndProject
Global
	GlobalSection(SolutionConfigurationPlatforms) = preSolution
		Debug|Any CPU = Debug|Any CPU
		Release|Any CPU = Release|Any CPU
	EndGlobalSection
	GlobalSection(ProjectConfigurationPlatforms) = postSolution
		{BC849016-935F-4DB7-937F-6BA2FA4DF901}.Debug|Any CPU.ActiveCfg = Debug|Any CPU
		{BC849016-935F-4DB7-937F-6BA2FA4DF901}.Debug|Any CPU.Build.0 = Debug|Any CPU
		{BC849016-935F-4DB7-937F-6BA2FA4DF901}.Release|Any CPU.ActiveCfg = Release|Any CPU
		{BC849016-935F-4DB7-937F-6BA2FA4DF901}.Release|Any CPU.Build.0 = Release|Any CPU
		{57F28BAD-4173-4E4F-93D0-0569AB3DF688}.Debug|Any CPU.ActiveCfg = Debug|Any CPU
		{57F28BAD-4173-4E4F-93D0-0569AB3DF688}.Debug|Any CPU.Build.0 = Debug|Any CPU
		{57F28BAD-4173-4E4F-93D0-0569AB3DF688}.Release|Any CPU.ActiveCfg = Release|Any CPU
		{57F28BAD-4173-4E4F-93D0-0569AB3DF688}.Release|Any CPU.Build.0 = Release|Any CPU
		{244A5567-0AD0-4000-BE6F-1F80D4A43101}.Debug|Any CPU.ActiveCfg = Debug|Any CPU
		{244A5567-0AD0-4000-BE6F-1F80D4A43101}.Debug|Any CPU.Build.0 = Debug|Any CPU
		{244A5567-0AD0-4000-BE6F-1F80D4A43101}.Release|Any CPU.ActiveCfg = Release|Any CPU
		{244A5567-0AD0-4000-BE6F-1F80D4A43101}.Release|Any CPU.Build.0 = Release|Any CPU
		{73C12320-7F0C-4410-8A03-C5ED1FD8F05B}.Debug|Any CPU.ActiveCfg = Debug|Any CPU
		{73C12320-7F0C-4410-8A03-C5ED1FD8F05B}.Debug|Any CPU.Build.0 = Debug|Any CPU
		{73C12320-7F0C-4410-8A03-C5ED1FD8F05B}.Release|Any CPU.ActiveCfg = Release|Any CPU
		{73C12320-7F0C-4410-8A03-C5ED1FD8F05B}.Release|Any CPU.Build.0 = Release|Any CPU
		{A9B923F0-1CB6-4596-8A63-0B2C14944773}.Debug|Any CPU.ActiveCfg = Debug|Any CPU
		{A9B923F0-1CB6-4596-8A63-0B2C14944773}.Debug|Any CPU.Build.0 = Debug|Any CPU
		{A9B923F0-1CB6-4596-8A63-0B2C14944773}.Release|Any CPU.ActiveCfg = Release|Any CPU
		{A9B923F0-1CB6-4596-8A63-0B2C14944773}.Release|Any CPU.Build.0 = Release|Any CPU
		{F96E81BD-95BC-427D-8E80-5C29DE402844}.Debug|Any CPU.ActiveCfg = Debug|Any CPU
		{F96E81BD-95BC-427D-8E80-5C29DE402844}.Debug|Any CPU.Build.0 = Debug|Any CPU
		{F96E81BD-95BC-427D-8E80-5C29DE402844}.Release|Any CPU.ActiveCfg = Release|Any CPU
		{F96E81BD-95BC-427D-8E80-5C29DE402844}.Release|Any CPU.Build.0 = Release|Any CPU
		{8303DE7A-9C91-4CD6-8C31-A537FDF89D2D}.Debug|Any CPU.ActiveCfg = Debug|Any CPU
		{8303DE7A-9C91-4CD6-8C31-A537FDF89D2D}.Debug|Any CPU.Build.0 = Debug|Any CPU
		{8303DE7A-9C91-4CD6-8C31-A537FDF89D2D}.Release|Any CPU.ActiveCfg = Release|Any CPU
		{8303DE7A-9C91-4CD6-8C31-A537FDF89D2D}.Release|Any CPU.Build.0 = Release|Any CPU
		{4222320A-8F12-4E4E-8F4C-308D7132F864}.Debug|Any CPU.ActiveCfg = Debug|Any CPU
		{4222320A-8F12-4E4E-8F4C-308D7132F864}.Debug|Any CPU.Build.0 = Debug|Any CPU
		{4222320A-8F12-4E4E-8F4C-308D7132F864}.Release|Any CPU.ActiveCfg = Release|Any CPU
		{4222320A-8F12-4E4E-8F4C-308D7132F864}.Release|Any CPU.Build.0 = Release|Any CPU
		{EE353EAD-D20E-41D5-B533-7321C0593815}.Debug|Any CPU.ActiveCfg = Debug|Any CPU
		{EE353EAD-D20E-41D5-B533-7321C0593815}.Debug|Any CPU.Build.0 = Debug|Any CPU
		{EE353EAD-D20E-41D5-B533-7321C0593815}.Release|Any CPU.ActiveCfg = Release|Any CPU
		{EE353EAD-D20E-41D5-B533-7321C0593815}.Release|Any CPU.Build.0 = Release|Any CPU
		{12666338-A8EC-4176-BBE5-4D0416FFC03F}.Debug|Any CPU.ActiveCfg = Debug|Any CPU
		{12666338-A8EC-4176-BBE5-4D0416FFC03F}.Debug|Any CPU.Build.0 = Debug|Any CPU
		{12666338-A8EC-4176-BBE5-4D0416FFC03F}.Release|Any CPU.ActiveCfg = Release|Any CPU
		{12666338-A8EC-4176-BBE5-4D0416FFC03F}.Release|Any CPU.Build.0 = Release|Any CPU
		{CF32F2AE-3543-4262-945A-092C7FF385F1}.Debug|Any CPU.ActiveCfg = Debug|Any CPU
		{CF32F2AE-3543-4262-945A-092C7FF385F1}.Debug|Any CPU.Build.0 = Debug|Any CPU
		{CF32F2AE-3543-4262-945A-092C7FF385F1}.Release|Any CPU.ActiveCfg = Release|Any CPU
		{CF32F2AE-3543-4262-945A-092C7FF385F1}.Release|Any CPU.Build.0 = Release|Any CPU
		{BF130611-8985-4FFF-9C69-D54478A3CB23}.Debug|Any CPU.ActiveCfg = Debug|Any CPU
		{BF130611-8985-4FFF-9C69-D54478A3CB23}.Debug|Any CPU.Build.0 = Debug|Any CPU
		{BF130611-8985-4FFF-9C69-D54478A3CB23}.Release|Any CPU.ActiveCfg = Release|Any CPU
		{BF130611-8985-4FFF-9C69-D54478A3CB23}.Release|Any CPU.Build.0 = Release|Any CPU
		{F8ADFA0A-E50D-45BB-964D-2F08C6705E1E}.Debug|Any CPU.ActiveCfg = Debug|Any CPU
		{F8ADFA0A-E50D-45BB-964D-2F08C6705E1E}.Debug|Any CPU.Build.0 = Debug|Any CPU
		{F8ADFA0A-E50D-45BB-964D-2F08C6705E1E}.Release|Any CPU.ActiveCfg = Release|Any CPU
		{F8ADFA0A-E50D-45BB-964D-2F08C6705E1E}.Release|Any CPU.Build.0 = Release|Any CPU
		{236943A0-37D3-4939-919B-1C334A610617}.Debug|Any CPU.ActiveCfg = Debug|Any CPU
		{236943A0-37D3-4939-919B-1C334A610617}.Debug|Any CPU.Build.0 = Debug|Any CPU
		{236943A0-37D3-4939-919B-1C334A610617}.Release|Any CPU.ActiveCfg = Release|Any CPU
		{236943A0-37D3-4939-919B-1C334A610617}.Release|Any CPU.Build.0 = Release|Any CPU
		{9247181F-D7BF-4B0F-9DA7-A83757A790A9}.Debug|Any CPU.ActiveCfg = Debug|Any CPU
		{9247181F-D7BF-4B0F-9DA7-A83757A790A9}.Debug|Any CPU.Build.0 = Debug|Any CPU
		{9247181F-D7BF-4B0F-9DA7-A83757A790A9}.Release|Any CPU.ActiveCfg = Release|Any CPU
		{9247181F-D7BF-4B0F-9DA7-A83757A790A9}.Release|Any CPU.Build.0 = Release|Any CPU
		{2D7DC299-284F-4A69-9AED-E73EDAA16FD4}.Debug|Any CPU.ActiveCfg = Debug|Any CPU
		{2D7DC299-284F-4A69-9AED-E73EDAA16FD4}.Debug|Any CPU.Build.0 = Debug|Any CPU
		{2D7DC299-284F-4A69-9AED-E73EDAA16FD4}.Release|Any CPU.ActiveCfg = Release|Any CPU
		{2D7DC299-284F-4A69-9AED-E73EDAA16FD4}.Release|Any CPU.Build.0 = Release|Any CPU
		{394DCC51-F967-4C0B-B50E-6189EC62095B}.Debug|Any CPU.ActiveCfg = Debug|Any CPU
		{394DCC51-F967-4C0B-B50E-6189EC62095B}.Debug|Any CPU.Build.0 = Debug|Any CPU
		{394DCC51-F967-4C0B-B50E-6189EC62095B}.Release|Any CPU.ActiveCfg = Release|Any CPU
		{394DCC51-F967-4C0B-B50E-6189EC62095B}.Release|Any CPU.Build.0 = Release|Any CPU
		{CE2D453E-4222-4781-A152-3F340F38A66E}.Debug|Any CPU.ActiveCfg = Debug|Any CPU
		{CE2D453E-4222-4781-A152-3F340F38A66E}.Debug|Any CPU.Build.0 = Debug|Any CPU
		{CE2D453E-4222-4781-A152-3F340F38A66E}.Release|Any CPU.ActiveCfg = Release|Any CPU
		{CE2D453E-4222-4781-A152-3F340F38A66E}.Release|Any CPU.Build.0 = Release|Any CPU
		{13CD5EAA-314E-44EB-B8FF-74E870E868BF}.Debug|Any CPU.ActiveCfg = Debug|Any CPU
		{13CD5EAA-314E-44EB-B8FF-74E870E868BF}.Debug|Any CPU.Build.0 = Debug|Any CPU
		{13CD5EAA-314E-44EB-B8FF-74E870E868BF}.Release|Any CPU.ActiveCfg = Release|Any CPU
		{13CD5EAA-314E-44EB-B8FF-74E870E868BF}.Release|Any CPU.Build.0 = Release|Any CPU
		{3DF2E71B-22AD-403A-BAC4-AFB6B95CDC9D}.Debug|Any CPU.ActiveCfg = Debug|Any CPU
		{3DF2E71B-22AD-403A-BAC4-AFB6B95CDC9D}.Debug|Any CPU.Build.0 = Debug|Any CPU
		{3DF2E71B-22AD-403A-BAC4-AFB6B95CDC9D}.Release|Any CPU.ActiveCfg = Release|Any CPU
		{3DF2E71B-22AD-403A-BAC4-AFB6B95CDC9D}.Release|Any CPU.Build.0 = Release|Any CPU
		{5C671019-7D82-4DE9-A3B3-AFE794A5C793}.Debug|Any CPU.ActiveCfg = Debug|Any CPU
		{5C671019-7D82-4DE9-A3B3-AFE794A5C793}.Debug|Any CPU.Build.0 = Debug|Any CPU
		{5C671019-7D82-4DE9-A3B3-AFE794A5C793}.Release|Any CPU.ActiveCfg = Release|Any CPU
		{5C671019-7D82-4DE9-A3B3-AFE794A5C793}.Release|Any CPU.Build.0 = Release|Any CPU
		{5B474D4F-4A17-4287-86FB-5BBE27C49D24}.Debug|Any CPU.ActiveCfg = Debug|Any CPU
		{5B474D4F-4A17-4287-86FB-5BBE27C49D24}.Debug|Any CPU.Build.0 = Debug|Any CPU
		{5B474D4F-4A17-4287-86FB-5BBE27C49D24}.Release|Any CPU.ActiveCfg = Release|Any CPU
		{5B474D4F-4A17-4287-86FB-5BBE27C49D24}.Release|Any CPU.Build.0 = Release|Any CPU
		{6F410D5B-B552-4211-AD72-F1B952ECCED9}.Debug|Any CPU.ActiveCfg = Debug|Any CPU
		{6F410D5B-B552-4211-AD72-F1B952ECCED9}.Debug|Any CPU.Build.0 = Debug|Any CPU
		{6F410D5B-B552-4211-AD72-F1B952ECCED9}.Release|Any CPU.ActiveCfg = Release|Any CPU
		{6F410D5B-B552-4211-AD72-F1B952ECCED9}.Release|Any CPU.Build.0 = Release|Any CPU
		{3ADDCDBF-C76C-4BB4-B371-39404E4F1C9B}.Debug|Any CPU.ActiveCfg = Debug|Any CPU
		{3ADDCDBF-C76C-4BB4-B371-39404E4F1C9B}.Debug|Any CPU.Build.0 = Debug|Any CPU
		{3ADDCDBF-C76C-4BB4-B371-39404E4F1C9B}.Release|Any CPU.ActiveCfg = Release|Any CPU
		{3ADDCDBF-C76C-4BB4-B371-39404E4F1C9B}.Release|Any CPU.Build.0 = Release|Any CPU
		{ABC08AE4-1428-4C64-83B0-715CF5E60BDF}.Debug|Any CPU.ActiveCfg = Debug|Any CPU
		{ABC08AE4-1428-4C64-83B0-715CF5E60BDF}.Debug|Any CPU.Build.0 = Debug|Any CPU
		{ABC08AE4-1428-4C64-83B0-715CF5E60BDF}.Release|Any CPU.ActiveCfg = Release|Any CPU
		{ABC08AE4-1428-4C64-83B0-715CF5E60BDF}.Release|Any CPU.Build.0 = Release|Any CPU
		{268708BD-C0B8-44FA-8C8B-45EA5D0D51DD}.Debug|Any CPU.ActiveCfg = Debug|Any CPU
		{268708BD-C0B8-44FA-8C8B-45EA5D0D51DD}.Debug|Any CPU.Build.0 = Debug|Any CPU
		{268708BD-C0B8-44FA-8C8B-45EA5D0D51DD}.Release|Any CPU.ActiveCfg = Release|Any CPU
		{268708BD-C0B8-44FA-8C8B-45EA5D0D51DD}.Release|Any CPU.Build.0 = Release|Any CPU
		{AF9BE659-5D88-449D-8EF7-EE8A9010FA1E}.Debug|Any CPU.ActiveCfg = Debug|Any CPU
		{AF9BE659-5D88-449D-8EF7-EE8A9010FA1E}.Debug|Any CPU.Build.0 = Debug|Any CPU
		{AF9BE659-5D88-449D-8EF7-EE8A9010FA1E}.Release|Any CPU.ActiveCfg = Release|Any CPU
		{AF9BE659-5D88-449D-8EF7-EE8A9010FA1E}.Release|Any CPU.Build.0 = Release|Any CPU
		{0520D28B-4041-4BC0-AD13-3F2ADB0DE78E}.Debug|Any CPU.ActiveCfg = Debug|Any CPU
		{0520D28B-4041-4BC0-AD13-3F2ADB0DE78E}.Debug|Any CPU.Build.0 = Debug|Any CPU
		{0520D28B-4041-4BC0-AD13-3F2ADB0DE78E}.Release|Any CPU.ActiveCfg = Release|Any CPU
		{0520D28B-4041-4BC0-AD13-3F2ADB0DE78E}.Release|Any CPU.Build.0 = Release|Any CPU
		{7CE01506-9BB4-47A7-B0E2-7FC6954D0747}.Debug|Any CPU.ActiveCfg = Debug|Any CPU
		{7CE01506-9BB4-47A7-B0E2-7FC6954D0747}.Debug|Any CPU.Build.0 = Debug|Any CPU
		{7CE01506-9BB4-47A7-B0E2-7FC6954D0747}.Release|Any CPU.ActiveCfg = Release|Any CPU
		{7CE01506-9BB4-47A7-B0E2-7FC6954D0747}.Release|Any CPU.Build.0 = Release|Any CPU
		{098DCC6E-6896-46C5-ACC7-8220B34B4E54}.Debug|Any CPU.ActiveCfg = Debug|Any CPU
		{098DCC6E-6896-46C5-ACC7-8220B34B4E54}.Debug|Any CPU.Build.0 = Debug|Any CPU
		{098DCC6E-6896-46C5-ACC7-8220B34B4E54}.Release|Any CPU.ActiveCfg = Release|Any CPU
		{098DCC6E-6896-46C5-ACC7-8220B34B4E54}.Release|Any CPU.Build.0 = Release|Any CPU
		{F2084172-8818-4AE9-923B-1C4B24A7BD9B}.Debug|Any CPU.ActiveCfg = Debug|Any CPU
		{F2084172-8818-4AE9-923B-1C4B24A7BD9B}.Debug|Any CPU.Build.0 = Debug|Any CPU
		{F2084172-8818-4AE9-923B-1C4B24A7BD9B}.Release|Any CPU.ActiveCfg = Release|Any CPU
		{F2084172-8818-4AE9-923B-1C4B24A7BD9B}.Release|Any CPU.Build.0 = Release|Any CPU
		{E93CDCF1-D2FA-4C11-93AC-DD91E8E21125}.Debug|Any CPU.ActiveCfg = Debug|Any CPU
		{E93CDCF1-D2FA-4C11-93AC-DD91E8E21125}.Debug|Any CPU.Build.0 = Debug|Any CPU
		{E93CDCF1-D2FA-4C11-93AC-DD91E8E21125}.Release|Any CPU.ActiveCfg = Release|Any CPU
		{E93CDCF1-D2FA-4C11-93AC-DD91E8E21125}.Release|Any CPU.Build.0 = Release|Any CPU
		{D4EFFFA2-9953-4930-9186-C20568F59923}.Debug|Any CPU.ActiveCfg = Debug|Any CPU
		{D4EFFFA2-9953-4930-9186-C20568F59923}.Debug|Any CPU.Build.0 = Debug|Any CPU
		{D4EFFFA2-9953-4930-9186-C20568F59923}.Release|Any CPU.ActiveCfg = Release|Any CPU
		{D4EFFFA2-9953-4930-9186-C20568F59923}.Release|Any CPU.Build.0 = Release|Any CPU
		{5F5862A9-99CC-4D73-B686-9FA57B840E43}.Debug|Any CPU.ActiveCfg = Debug|Any CPU
		{5F5862A9-99CC-4D73-B686-9FA57B840E43}.Debug|Any CPU.Build.0 = Debug|Any CPU
		{5F5862A9-99CC-4D73-B686-9FA57B840E43}.Release|Any CPU.ActiveCfg = Release|Any CPU
		{5F5862A9-99CC-4D73-B686-9FA57B840E43}.Release|Any CPU.Build.0 = Release|Any CPU
	EndGlobalSection
	GlobalSection(SolutionProperties) = preSolution
		HideSolutionNode = FALSE
	EndGlobalSection
	GlobalSection(NestedProjects) = preSolution
		{57FA8603-E66C-4463-9739-6CFE4EE1B437} = {4AFD1806-530A-46E6-AF65-92A8A4A6E581}
		{8A4F9C9E-A4BF-41F1-8003-427CCF3DDCEE} = {4AFD1806-530A-46E6-AF65-92A8A4A6E581}
		{932D6626-FD45-4DDF-BBFA-A5CD7493A9FC} = {4AFD1806-530A-46E6-AF65-92A8A4A6E581}
		{A1FA9848-D013-4B17-BD46-B5B916FBFB2C} = {4AFD1806-530A-46E6-AF65-92A8A4A6E581}
		{6C0D3BF0-42E4-46AE-9EEF-0B26BECA7195} = {4AFD1806-530A-46E6-AF65-92A8A4A6E581}
		{B49EF215-04DA-4AB7-BA1E-C3CCF766A0E4} = {4AFD1806-530A-46E6-AF65-92A8A4A6E581}
		{BC849016-935F-4DB7-937F-6BA2FA4DF901} = {B49EF215-04DA-4AB7-BA1E-C3CCF766A0E4}
		{57F28BAD-4173-4E4F-93D0-0569AB3DF688} = {B49EF215-04DA-4AB7-BA1E-C3CCF766A0E4}
		{244A5567-0AD0-4000-BE6F-1F80D4A43101} = {6C0D3BF0-42E4-46AE-9EEF-0B26BECA7195}
		{73C12320-7F0C-4410-8A03-C5ED1FD8F05B} = {6C0D3BF0-42E4-46AE-9EEF-0B26BECA7195}
		{A9B923F0-1CB6-4596-8A63-0B2C14944773} = {A1FA9848-D013-4B17-BD46-B5B916FBFB2C}
		{F96E81BD-95BC-427D-8E80-5C29DE402844} = {A1FA9848-D013-4B17-BD46-B5B916FBFB2C}
		{8303DE7A-9C91-4CD6-8C31-A537FDF89D2D} = {57FA8603-E66C-4463-9739-6CFE4EE1B437}
		{4222320A-8F12-4E4E-8F4C-308D7132F864} = {8A4F9C9E-A4BF-41F1-8003-427CCF3DDCEE}
		{EE353EAD-D20E-41D5-B533-7321C0593815} = {8A4F9C9E-A4BF-41F1-8003-427CCF3DDCEE}
		{12666338-A8EC-4176-BBE5-4D0416FFC03F} = {8A4F9C9E-A4BF-41F1-8003-427CCF3DDCEE}
		{CF32F2AE-3543-4262-945A-092C7FF385F1} = {932D6626-FD45-4DDF-BBFA-A5CD7493A9FC}
		{BF130611-8985-4FFF-9C69-D54478A3CB23} = {932D6626-FD45-4DDF-BBFA-A5CD7493A9FC}
		{F8ADFA0A-E50D-45BB-964D-2F08C6705E1E} = {932D6626-FD45-4DDF-BBFA-A5CD7493A9FC}
		{D4A4B122-083A-41F3-B894-242B416509E2} = {4AFD1806-530A-46E6-AF65-92A8A4A6E581}
		{236943A0-37D3-4939-919B-1C334A610617} = {D4A4B122-083A-41F3-B894-242B416509E2}
		{2D7DC299-284F-4A69-9AED-E73EDAA16FD4} = {B49EF215-04DA-4AB7-BA1E-C3CCF766A0E4}
		{394DCC51-F967-4C0B-B50E-6189EC62095B} = {9B3F8E7E-EA88-4B20-9752-A5DC2A61D7D4}
		{CE2D453E-4222-4781-A152-3F340F38A66E} = {B49EF215-04DA-4AB7-BA1E-C3CCF766A0E4}
		{8526774C-772C-447B-A358-4D1D638F4D19} = {4AFD1806-530A-46E6-AF65-92A8A4A6E581}
		{2170D935-0210-445D-B3F0-4876844BAA2E} = {4AFD1806-530A-46E6-AF65-92A8A4A6E581}
		{675C162A-EC88-4B26-9951-244DBE4CC566} = {4AFD1806-530A-46E6-AF65-92A8A4A6E581}
		{13CD5EAA-314E-44EB-B8FF-74E870E868BF} = {8526774C-772C-447B-A358-4D1D638F4D19}
		{3DF2E71B-22AD-403A-BAC4-AFB6B95CDC9D} = {8526774C-772C-447B-A358-4D1D638F4D19}
		{5C671019-7D82-4DE9-A3B3-AFE794A5C793} = {8526774C-772C-447B-A358-4D1D638F4D19}
		{5B474D4F-4A17-4287-86FB-5BBE27C49D24} = {8526774C-772C-447B-A358-4D1D638F4D19}
		{6F410D5B-B552-4211-AD72-F1B952ECCED9} = {2170D935-0210-445D-B3F0-4876844BAA2E}
		{3ADDCDBF-C76C-4BB4-B371-39404E4F1C9B} = {2170D935-0210-445D-B3F0-4876844BAA2E}
		{ABC08AE4-1428-4C64-83B0-715CF5E60BDF} = {2170D935-0210-445D-B3F0-4876844BAA2E}
		{268708BD-C0B8-44FA-8C8B-45EA5D0D51DD} = {2170D935-0210-445D-B3F0-4876844BAA2E}
		{AF9BE659-5D88-449D-8EF7-EE8A9010FA1E} = {675C162A-EC88-4B26-9951-244DBE4CC566}
		{0520D28B-4041-4BC0-AD13-3F2ADB0DE78E} = {675C162A-EC88-4B26-9951-244DBE4CC566}
		{7CE01506-9BB4-47A7-B0E2-7FC6954D0747} = {675C162A-EC88-4B26-9951-244DBE4CC566}
		{098DCC6E-6896-46C5-ACC7-8220B34B4E54} = {675C162A-EC88-4B26-9951-244DBE4CC566}
		{F2084172-8818-4AE9-923B-1C4B24A7BD9B} = {57FA8603-E66C-4463-9739-6CFE4EE1B437}
		{E93CDCF1-D2FA-4C11-93AC-DD91E8E21125} = {57FA8603-E66C-4463-9739-6CFE4EE1B437}
		{D4EFFFA2-9953-4930-9186-C20568F59923} = {57FA8603-E66C-4463-9739-6CFE4EE1B437}
		{5F5862A9-99CC-4D73-B686-9FA57B840E43} = {D4A4B122-083A-41F3-B894-242B416509E2}
	EndGlobalSection
	GlobalSection(ExtensibilityGlobals) = postSolution
		SolutionGuid = {8A7B5B6E-83FE-4591-A58F-528F40DBD09C}
	EndGlobalSection
EndGlobal
